
Microsoft Visual Studio Solution File, Format Version 12.00
# Visual Studio Version 17
VisualStudioVersion = 17.2.32616.157
MinimumVisualStudioVersion = 10.0.40219.1
Project("{2150E333-8FDC-42A3-9474-1A3956D46DE8}") = "Solution Items", "Solution Items", "{6BA7F0E2-CE99-4A03-97AD-D3801CF4E6CB}"
	ProjectSection(SolutionItems) = preProject
		global.json = global.json
		README.md = README.md
	EndProjectSection
EndProject
Project("{2150E333-8FDC-42A3-9474-1A3956D46DE8}") = "src", "src", "{915E20C2-8822-4B9A-9D91-50DC995F91F7}"
	ProjectSection(SolutionItems) = preProject
		docker-compose.yml = docker-compose.yml
		docker-compose.override.yml = docker-compose.override.yml
	EndProjectSection
EndProject
Project("{2150E333-8FDC-42A3-9474-1A3956D46DE8}") = "tests", "tests", "{258131D1-C0C7-4AEB-A6B1-6AFE24F8C956}"
EndProject
Project("{2150E333-8FDC-42A3-9474-1A3956D46DE8}") = "ApiGateways", "ApiGateways", "{75B982E5-3B6B-4DD4-82E9-B893FB5BC777}"
EndProject
Project("{2150E333-8FDC-42A3-9474-1A3956D46DE8}") = "BuidingBlocks", "BuidingBlocks", "{CA2BD7FA-0A14-442D-AA5F-17DA9206D6DD}"
EndProject
Project("{2150E333-8FDC-42A3-9474-1A3956D46DE8}") = "Services", "Services", "{F1294E3F-03CF-42A3-8E4B-168FA45F9B58}"
EndProject
Project("{2150E333-8FDC-42A3-9474-1A3956D46DE8}") = "WebApps", "WebApps", "{58B4BE20-C329-4F3A-9AD0-EF2D8120265A}"
EndProject
Project("{9A19103F-16F7-4668-BE54-9A1E7A4F7556}") = "Common.Logging", "src\BuildingBlocks\Common.Logging\Common.Logging.csproj", "{E4EB396C-3141-4B4C-A6DC-8F2BCC604D6C}"
EndProject
Project("{9A19103F-16F7-4668-BE54-9A1E7A4F7556}") = "EventBus.Messages", "src\BuildingBlocks\EventBus.Messages\EventBus.Messages.csproj", "{AA4EEF49-4D95-4F90-BE68-734002C21B32}"
EndProject
Project("{2150E333-8FDC-42A3-9474-1A3956D46DE8}") = "Product", "Product", "{45C46E17-43D5-4EEA-B09F-FF9B923249D9}"
EndProject
Project("{2150E333-8FDC-42A3-9474-1A3956D46DE8}") = "Customer", "Customer", "{80C34E28-43EC-460C-B5A7-A3A8B44468FA}"
EndProject
Project("{2150E333-8FDC-42A3-9474-1A3956D46DE8}") = "Basket", "Basket", "{F79DE634-354A-4DDA-9C1D-CAB19E421B69}"
EndProject
Project("{2150E333-8FDC-42A3-9474-1A3956D46DE8}") = "Ordering", "Ordering", "{D5FC1737-080A-479D-990C-F8930B2BC16E}"
EndProject
Project("{2150E333-8FDC-42A3-9474-1A3956D46DE8}") = "Inventory", "Inventory", "{38B538D7-16CB-4B2E-A96F-946C2E0BAE18}"
EndProject
Project("{2150E333-8FDC-42A3-9474-1A3956D46DE8}") = "ScheduleJob", "ScheduleJob", "{4E444626-647E-4391-A846-C94CE3769E8D}"
EndProject
Project("{9A19103F-16F7-4668-BE54-9A1E7A4F7556}") = "WebHealthStatus", "src\WebApps\WebHealthStatus\WebHealthStatus.csproj", "{5CFA9B1E-C204-43CD-856F-0D5F7F189E46}"
EndProject
Project("{9A19103F-16F7-4668-BE54-9A1E7A4F7556}") = "Basket.API", "src\Services\Basket.API\Basket.API.csproj", "{90DE9A9A-7B16-4E5D-A637-187C1DF52AE4}"
EndProject
Project("{9A19103F-16F7-4668-BE54-9A1E7A4F7556}") = "Customer.API", "src\Services\Customer.API\Customer.API.csproj", "{401C7A16-04F5-448F-9176-E480E1079C34}"
EndProject
Project("{9A19103F-16F7-4668-BE54-9A1E7A4F7556}") = "Inventory.Product.API", "src\Services\Inventory.Product.API\Inventory.Product.API.csproj", "{E31B2EF6-5112-4C54-B7CD-9FA4D529FBE7}"
EndProject
Project("{9A19103F-16F7-4668-BE54-9A1E7A4F7556}") = "Ordering.API", "src\Services\Ordering.API\Ordering.API.csproj", "{12C83707-44D1-4483-B265-25E9644AC0EB}"
EndProject
Project("{9A19103F-16F7-4668-BE54-9A1E7A4F7556}") = "Product.API", "src\Services\Product.API\Product.API.csproj", "{B7A8BEF5-60D8-417D-89D7-F0BCF5E981B6}"
EndProject
Project("{9A19103F-16F7-4668-BE54-9A1E7A4F7556}") = "Hangfire.API", "src\Services\Hangfire.API\Hangfire.API.csproj", "{DD4E5DD3-8AC2-4A23-936A-6204E504CEAC}"
EndProject
Project("{9A19103F-16F7-4668-BE54-9A1E7A4F7556}") = "Contracts", "src\BuildingBlocks\Contracts\Contracts.csproj", "{E150CA0C-FA7E-4281-8B9D-B811EB40B14C}"
EndProject
Project("{9A19103F-16F7-4668-BE54-9A1E7A4F7556}") = "Infrastructure", "src\BuildingBlocks\Infrastructure\Infrastructure.csproj", "{AFA22FF9-4160-4C5E-8DF2-976BE791EC12}"
EndProject
Project("{9A19103F-16F7-4668-BE54-9A1E7A4F7556}") = "Shared", "src\BuildingBlocks\Shared\Shared.csproj", "{04618DF4-CA78-4B41-B9BA-D812E43BBF4F}"
EndProject
Project("{9A19103F-16F7-4668-BE54-9A1E7A4F7556}") = "OcelotApiGw", "src\ApiGateways\OcelotApiGw\OcelotApiGw.csproj", "{18985785-6D9E-49CD-B54B-D80FBBF850F1}"
EndProject
Global
	GlobalSection(SolutionConfigurationPlatforms) = preSolution
		Debug|Any CPU = Debug|Any CPU
		Release|Any CPU = Release|Any CPU
	EndGlobalSection
	GlobalSection(ProjectConfigurationPlatforms) = postSolution
		{E4EB396C-3141-4B4C-A6DC-8F2BCC604D6C}.Debug|Any CPU.ActiveCfg = Debug|Any CPU
		{E4EB396C-3141-4B4C-A6DC-8F2BCC604D6C}.Debug|Any CPU.Build.0 = Debug|Any CPU
		{E4EB396C-3141-4B4C-A6DC-8F2BCC604D6C}.Release|Any CPU.ActiveCfg = Release|Any CPU
		{E4EB396C-3141-4B4C-A6DC-8F2BCC604D6C}.Release|Any CPU.Build.0 = Release|Any CPU
		{AA4EEF49-4D95-4F90-BE68-734002C21B32}.Debug|Any CPU.ActiveCfg = Debug|Any CPU
		{AA4EEF49-4D95-4F90-BE68-734002C21B32}.Debug|Any CPU.Build.0 = Debug|Any CPU
		{AA4EEF49-4D95-4F90-BE68-734002C21B32}.Release|Any CPU.ActiveCfg = Release|Any CPU
		{AA4EEF49-4D95-4F90-BE68-734002C21B32}.Release|Any CPU.Build.0 = Release|Any CPU
		{5CFA9B1E-C204-43CD-856F-0D5F7F189E46}.Debug|Any CPU.ActiveCfg = Debug|Any CPU
		{5CFA9B1E-C204-43CD-856F-0D5F7F189E46}.Debug|Any CPU.Build.0 = Debug|Any CPU
		{5CFA9B1E-C204-43CD-856F-0D5F7F189E46}.Release|Any CPU.ActiveCfg = Release|Any CPU
		{5CFA9B1E-C204-43CD-856F-0D5F7F189E46}.Release|Any CPU.Build.0 = Release|Any CPU
		{90DE9A9A-7B16-4E5D-A637-187C1DF52AE4}.Debug|Any CPU.ActiveCfg = Debug|Any CPU
		{90DE9A9A-7B16-4E5D-A637-187C1DF52AE4}.Debug|Any CPU.Build.0 = Debug|Any CPU
		{90DE9A9A-7B16-4E5D-A637-187C1DF52AE4}.Release|Any CPU.ActiveCfg = Release|Any CPU
		{90DE9A9A-7B16-4E5D-A637-187C1DF52AE4}.Release|Any CPU.Build.0 = Release|Any CPU
		{401C7A16-04F5-448F-9176-E480E1079C34}.Debug|Any CPU.ActiveCfg = Debug|Any CPU
		{401C7A16-04F5-448F-9176-E480E1079C34}.Debug|Any CPU.Build.0 = Debug|Any CPU
		{401C7A16-04F5-448F-9176-E480E1079C34}.Release|Any CPU.ActiveCfg = Release|Any CPU
		{401C7A16-04F5-448F-9176-E480E1079C34}.Release|Any CPU.Build.0 = Release|Any CPU
		{E31B2EF6-5112-4C54-B7CD-9FA4D529FBE7}.Debug|Any CPU.ActiveCfg = Debug|Any CPU
		{E31B2EF6-5112-4C54-B7CD-9FA4D529FBE7}.Debug|Any CPU.Build.0 = Debug|Any CPU
		{E31B2EF6-5112-4C54-B7CD-9FA4D529FBE7}.Release|Any CPU.ActiveCfg = Release|Any CPU
		{E31B2EF6-5112-4C54-B7CD-9FA4D529FBE7}.Release|Any CPU.Build.0 = Release|Any CPU
		{12C83707-44D1-4483-B265-25E9644AC0EB}.Debug|Any CPU.ActiveCfg = Debug|Any CPU
		{12C83707-44D1-4483-B265-25E9644AC0EB}.Debug|Any CPU.Build.0 = Debug|Any CPU
		{12C83707-44D1-4483-B265-25E9644AC0EB}.Release|Any CPU.ActiveCfg = Release|Any CPU
		{12C83707-44D1-4483-B265-25E9644AC0EB}.Release|Any CPU.Build.0 = Release|Any CPU
		{B7A8BEF5-60D8-417D-89D7-F0BCF5E981B6}.Debug|Any CPU.ActiveCfg = Debug|Any CPU
		{B7A8BEF5-60D8-417D-89D7-F0BCF5E981B6}.Debug|Any CPU.Build.0 = Debug|Any CPU
		{B7A8BEF5-60D8-417D-89D7-F0BCF5E981B6}.Release|Any CPU.ActiveCfg = Release|Any CPU
		{B7A8BEF5-60D8-417D-89D7-F0BCF5E981B6}.Release|Any CPU.Build.0 = Release|Any CPU
		{DD4E5DD3-8AC2-4A23-936A-6204E504CEAC}.Debug|Any CPU.ActiveCfg = Debug|Any CPU
		{DD4E5DD3-8AC2-4A23-936A-6204E504CEAC}.Debug|Any CPU.Build.0 = Debug|Any CPU
		{DD4E5DD3-8AC2-4A23-936A-6204E504CEAC}.Release|Any CPU.ActiveCfg = Release|Any CPU
		{DD4E5DD3-8AC2-4A23-936A-6204E504CEAC}.Release|Any CPU.Build.0 = Release|Any CPU
		{E150CA0C-FA7E-4281-8B9D-B811EB40B14C}.Debug|Any CPU.ActiveCfg = Debug|Any CPU
		{E150CA0C-FA7E-4281-8B9D-B811EB40B14C}.Debug|Any CPU.Build.0 = Debug|Any CPU
		{E150CA0C-FA7E-4281-8B9D-B811EB40B14C}.Release|Any CPU.ActiveCfg = Release|Any CPU
		{E150CA0C-FA7E-4281-8B9D-B811EB40B14C}.Release|Any CPU.Build.0 = Release|Any CPU
		{AFA22FF9-4160-4C5E-8DF2-976BE791EC12}.Debug|Any CPU.ActiveCfg = Debug|Any CPU
		{AFA22FF9-4160-4C5E-8DF2-976BE791EC12}.Debug|Any CPU.Build.0 = Debug|Any CPU
		{AFA22FF9-4160-4C5E-8DF2-976BE791EC12}.Release|Any CPU.ActiveCfg = Release|Any CPU
		{AFA22FF9-4160-4C5E-8DF2-976BE791EC12}.Release|Any CPU.Build.0 = Release|Any CPU
		{04618DF4-CA78-4B41-B9BA-D812E43BBF4F}.Debug|Any CPU.ActiveCfg = Debug|Any CPU
		{04618DF4-CA78-4B41-B9BA-D812E43BBF4F}.Debug|Any CPU.Build.0 = Debug|Any CPU
		{04618DF4-CA78-4B41-B9BA-D812E43BBF4F}.Release|Any CPU.ActiveCfg = Release|Any CPU
		{04618DF4-CA78-4B41-B9BA-D812E43BBF4F}.Release|Any CPU.Build.0 = Release|Any CPU
		{18985785-6D9E-49CD-B54B-D80FBBF850F1}.Debug|Any CPU.ActiveCfg = Debug|Any CPU
		{18985785-6D9E-49CD-B54B-D80FBBF850F1}.Debug|Any CPU.Build.0 = Debug|Any CPU
		{18985785-6D9E-49CD-B54B-D80FBBF850F1}.Release|Any CPU.ActiveCfg = Release|Any CPU
		{18985785-6D9E-49CD-B54B-D80FBBF850F1}.Release|Any CPU.Build.0 = Release|Any CPU
	EndGlobalSection
	GlobalSection(SolutionProperties) = preSolution
		HideSolutionNode = FALSE
	EndGlobalSection
	GlobalSection(NestedProjects) = preSolution
		{75B982E5-3B6B-4DD4-82E9-B893FB5BC777} = {915E20C2-8822-4B9A-9D91-50DC995F91F7}
		{CA2BD7FA-0A14-442D-AA5F-17DA9206D6DD} = {915E20C2-8822-4B9A-9D91-50DC995F91F7}
		{F1294E3F-03CF-42A3-8E4B-168FA45F9B58} = {915E20C2-8822-4B9A-9D91-50DC995F91F7}
		{58B4BE20-C329-4F3A-9AD0-EF2D8120265A} = {915E20C2-8822-4B9A-9D91-50DC995F91F7}
		{E4EB396C-3141-4B4C-A6DC-8F2BCC604D6C} = {CA2BD7FA-0A14-442D-AA5F-17DA9206D6DD}
		{AA4EEF49-4D95-4F90-BE68-734002C21B32} = {CA2BD7FA-0A14-442D-AA5F-17DA9206D6DD}
		{45C46E17-43D5-4EEA-B09F-FF9B923249D9} = {F1294E3F-03CF-42A3-8E4B-168FA45F9B58}
		{80C34E28-43EC-460C-B5A7-A3A8B44468FA} = {F1294E3F-03CF-42A3-8E4B-168FA45F9B58}
		{F79DE634-354A-4DDA-9C1D-CAB19E421B69} = {F1294E3F-03CF-42A3-8E4B-168FA45F9B58}
		{D5FC1737-080A-479D-990C-F8930B2BC16E} = {F1294E3F-03CF-42A3-8E4B-168FA45F9B58}
		{38B538D7-16CB-4B2E-A96F-946C2E0BAE18} = {F1294E3F-03CF-42A3-8E4B-168FA45F9B58}
		{4E444626-647E-4391-A846-C94CE3769E8D} = {F1294E3F-03CF-42A3-8E4B-168FA45F9B58}
		{5CFA9B1E-C204-43CD-856F-0D5F7F189E46} = {58B4BE20-C329-4F3A-9AD0-EF2D8120265A}
		{90DE9A9A-7B16-4E5D-A637-187C1DF52AE4} = {F79DE634-354A-4DDA-9C1D-CAB19E421B69}
		{401C7A16-04F5-448F-9176-E480E1079C34} = {80C34E28-43EC-460C-B5A7-A3A8B44468FA}
		{E31B2EF6-5112-4C54-B7CD-9FA4D529FBE7} = {38B538D7-16CB-4B2E-A96F-946C2E0BAE18}
		{12C83707-44D1-4483-B265-25E9644AC0EB} = {D5FC1737-080A-479D-990C-F8930B2BC16E}
		{B7A8BEF5-60D8-417D-89D7-F0BCF5E981B6} = {45C46E17-43D5-4EEA-B09F-FF9B923249D9}
		{DD4E5DD3-8AC2-4A23-936A-6204E504CEAC} = {4E444626-647E-4391-A846-C94CE3769E8D}
		{E150CA0C-FA7E-4281-8B9D-B811EB40B14C} = {CA2BD7FA-0A14-442D-AA5F-17DA9206D6DD}
		{AFA22FF9-4160-4C5E-8DF2-976BE791EC12} = {CA2BD7FA-0A14-442D-AA5F-17DA9206D6DD}
		{04618DF4-CA78-4B41-B9BA-D812E43BBF4F} = {CA2BD7FA-0A14-442D-AA5F-17DA9206D6DD}
		{18985785-6D9E-49CD-B54B-D80FBBF850F1} = {75B982E5-3B6B-4DD4-82E9-B893FB5BC777}
	EndGlobalSection
	GlobalSection(ExtensibilityGlobals) = postSolution
		SolutionGuid = {7CC33650-A8AB-4456-8BC5-752941A88C4E}
	EndGlobalSection
EndGlobal
